
Microsoft Visual Studio Solution File, Format Version 12.00
# Visual Studio Version 17
VisualStudioVersion = 17.11.35327.3
MinimumVisualStudioVersion = 10.0.40219.1
Project("{FAE04EC0-301F-11D3-BF4B-00C04F79EFBC}") = "Singleton", "Singleton\Singleton.csproj", "{0EEBF38C-AF95-4E8F-8DC7-A919FBE953E6}"
EndProject
Project("{FAE04EC0-301F-11D3-BF4B-00C04F79EFBC}") = "FactoryMethod", "FactoryMethod\FactoryMethod.csproj", "{347FECEE-30A4-4B67-A0EC-9EC72D32D037}"
EndProject
Project("{FAE04EC0-301F-11D3-BF4B-00C04F79EFBC}") = "AbstractFactory", "AbstractFactory\AbstractFactory.csproj", "{03BD38C4-2D37-46DE-9D14-11F8853B906C}"
EndProject
Project("{FAE04EC0-301F-11D3-BF4B-00C04F79EFBC}") = "Prototype", "Prototype\Prototype.csproj", "{21283071-3E30-4649-85E5-205C5B53C49D}"
EndProject
Project("{FAE04EC0-301F-11D3-BF4B-00C04F79EFBC}") = "Builder", "Builder\Builder.csproj", "{610B5C38-6220-4256-AFB3-5C642636114D}"
EndProject
Project("{FAE04EC0-301F-11D3-BF4B-00C04F79EFBC}") = "Facade", "Facade\Facade.csproj", "{F2A1C98B-E706-465A-BE59-94424AA6AB02}"
EndProject
Project("{FAE04EC0-301F-11D3-BF4B-00C04F79EFBC}") = "Adapter", "Adapter\Adapter.csproj", "{8CC77485-2971-49C6-BDD4-0DB4006A4365}"
EndProject
Project("{FAE04EC0-301F-11D3-BF4B-00C04F79EFBC}") = "Composite", "Composite\Composite.csproj", "{E5B95F1D-8A38-4B11-AB93-F9FE3F2F1AE2}"
EndProject
Project("{FAE04EC0-301F-11D3-BF4B-00C04F79EFBC}") = "Proxy", "Proxy\Proxy.csproj", "{40C9C37F-EB0C-4C87-B686-F72112F7B18B}"
EndProject
Project("{FAE04EC0-301F-11D3-BF4B-00C04F79EFBC}") = "Decorator", "Decorator\Decorator.csproj", "{96CC190A-AB33-416B-B4DA-11070D84E9C4}"
EndProject
Project("{FAE04EC0-301F-11D3-BF4B-00C04F79EFBC}") = "Bridge", "Bridge\Bridge.csproj", "{6CC353AB-D247-4E67-A545-7A7CC6F501F3}"
EndProject
Project("{FAE04EC0-301F-11D3-BF4B-00C04F79EFBC}") = "Strategy", "Strategy\Strategy.csproj", "{42949CB9-083A-4C5B-8494-674D8529361C}"
EndProject
Project("{FAE04EC0-301F-11D3-BF4B-00C04F79EFBC}") = "Observer", "Observer\Observer.csproj", "{255231D4-9932-4E4C-853B-D5EF116C5BF0}"
EndProject
Project("{FAE04EC0-301F-11D3-BF4B-00C04F79EFBC}") = "ChainofResponsibility", "ChainofResponsibility\ChainofResponsibility.csproj", "{AF187915-EAED-4C35-AE53-88D77D516CD3}"
EndProject
Project("{FAE04EC0-301F-11D3-BF4B-00C04F79EFBC}") = "Memento", "Memento\Memento.csproj", "{456BA382-ECD0-4C60-8AFE-6CB478836A6D}"
EndProject
Project("{FAE04EC0-301F-11D3-BF4B-00C04F79EFBC}") = "TemplateMethod", "TemplateMethod\TemplateMethod.csproj", "{599EE722-9BF4-40F1-B765-4DFEEDE27C26}"
EndProject
Project("{FAE04EC0-301F-11D3-BF4B-00C04F79EFBC}") = "State", "State\State.csproj", "{AAF04DEB-16BC-4854-B26E-06977AF60135}"
EndProject
Project("{FAE04EC0-301F-11D3-BF4B-00C04F79EFBC}") = "Mediator", "Mediator\Mediator.csproj", "{7ABF8F7A-0F9C-4033-8431-6C960863A9B3}"
EndProject
Project("{FAE04EC0-301F-11D3-BF4B-00C04F79EFBC}") = "Command", "Command\Command.csproj", "{DD3B7104-4055-48DE-87E0-B94C3F4D7316}"
EndProject
Project("{FAE04EC0-301F-11D3-BF4B-00C04F79EFBC}") = "Visitor", "Visitor\Visitor.csproj", "{55F80B2D-5514-4CDB-B113-23FBEB16BA1D}"
EndProject
Project("{FAE04EC0-301F-11D3-BF4B-00C04F79EFBC}") = "DependencyInjection", "DependencyInjection\DependencyInjection.csproj", "{05EA8EF2-3197-4DEE-9230-B6B5A1A044DC}"
EndProject
Project("{FAE04EC0-301F-11D3-BF4B-00C04F79EFBC}") = "NullObject", "NullObject\NullObject.csproj", "{135E16B5-0FCE-4C14-93E2-3BC930DF3F9C}"
EndProject
Project("{FAE04EC0-301F-11D3-BF4B-00C04F79EFBC}") = "Multiton", "Multiton\Multiton.csproj", "{4D51A83D-8D3F-4313-8621-86BD3A3A3958}"
EndProject
Global
	GlobalSection(SolutionConfigurationPlatforms) = preSolution
		Debug|Any CPU = Debug|Any CPU
		Release|Any CPU = Release|Any CPU
	EndGlobalSection
	GlobalSection(ProjectConfigurationPlatforms) = postSolution
		{0EEBF38C-AF95-4E8F-8DC7-A919FBE953E6}.Debug|Any CPU.ActiveCfg = Debug|Any CPU
		{0EEBF38C-AF95-4E8F-8DC7-A919FBE953E6}.Debug|Any CPU.Build.0 = Debug|Any CPU
		{0EEBF38C-AF95-4E8F-8DC7-A919FBE953E6}.Release|Any CPU.ActiveCfg = Release|Any CPU
		{0EEBF38C-AF95-4E8F-8DC7-A919FBE953E6}.Release|Any CPU.Build.0 = Release|Any CPU
		{347FECEE-30A4-4B67-A0EC-9EC72D32D037}.Debug|Any CPU.ActiveCfg = Debug|Any CPU
		{347FECEE-30A4-4B67-A0EC-9EC72D32D037}.Debug|Any CPU.Build.0 = Debug|Any CPU
		{347FECEE-30A4-4B67-A0EC-9EC72D32D037}.Release|Any CPU.ActiveCfg = Release|Any CPU
		{347FECEE-30A4-4B67-A0EC-9EC72D32D037}.Release|Any CPU.Build.0 = Release|Any CPU
		{03BD38C4-2D37-46DE-9D14-11F8853B906C}.Debug|Any CPU.ActiveCfg = Debug|Any CPU
		{03BD38C4-2D37-46DE-9D14-11F8853B906C}.Debug|Any CPU.Build.0 = Debug|Any CPU
		{03BD38C4-2D37-46DE-9D14-11F8853B906C}.Release|Any CPU.ActiveCfg = Release|Any CPU
		{03BD38C4-2D37-46DE-9D14-11F8853B906C}.Release|Any CPU.Build.0 = Release|Any CPU
		{21283071-3E30-4649-85E5-205C5B53C49D}.Debug|Any CPU.ActiveCfg = Debug|Any CPU
		{21283071-3E30-4649-85E5-205C5B53C49D}.Debug|Any CPU.Build.0 = Debug|Any CPU
		{21283071-3E30-4649-85E5-205C5B53C49D}.Release|Any CPU.ActiveCfg = Release|Any CPU
		{21283071-3E30-4649-85E5-205C5B53C49D}.Release|Any CPU.Build.0 = Release|Any CPU
		{610B5C38-6220-4256-AFB3-5C642636114D}.Debug|Any CPU.ActiveCfg = Debug|Any CPU
		{610B5C38-6220-4256-AFB3-5C642636114D}.Debug|Any CPU.Build.0 = Debug|Any CPU
		{610B5C38-6220-4256-AFB3-5C642636114D}.Release|Any CPU.ActiveCfg = Release|Any CPU
		{610B5C38-6220-4256-AFB3-5C642636114D}.Release|Any CPU.Build.0 = Release|Any CPU
		{F2A1C98B-E706-465A-BE59-94424AA6AB02}.Debug|Any CPU.ActiveCfg = Debug|Any CPU
		{F2A1C98B-E706-465A-BE59-94424AA6AB02}.Debug|Any CPU.Build.0 = Debug|Any CPU
		{F2A1C98B-E706-465A-BE59-94424AA6AB02}.Release|Any CPU.ActiveCfg = Release|Any CPU
		{F2A1C98B-E706-465A-BE59-94424AA6AB02}.Release|Any CPU.Build.0 = Release|Any CPU
		{8CC77485-2971-49C6-BDD4-0DB4006A4365}.Debug|Any CPU.ActiveCfg = Debug|Any CPU
		{8CC77485-2971-49C6-BDD4-0DB4006A4365}.Debug|Any CPU.Build.0 = Debug|Any CPU
		{8CC77485-2971-49C6-BDD4-0DB4006A4365}.Release|Any CPU.ActiveCfg = Release|Any CPU
		{8CC77485-2971-49C6-BDD4-0DB4006A4365}.Release|Any CPU.Build.0 = Release|Any CPU
		{E5B95F1D-8A38-4B11-AB93-F9FE3F2F1AE2}.Debug|Any CPU.ActiveCfg = Debug|Any CPU
		{E5B95F1D-8A38-4B11-AB93-F9FE3F2F1AE2}.Debug|Any CPU.Build.0 = Debug|Any CPU
		{E5B95F1D-8A38-4B11-AB93-F9FE3F2F1AE2}.Release|Any CPU.ActiveCfg = Release|Any CPU
		{E5B95F1D-8A38-4B11-AB93-F9FE3F2F1AE2}.Release|Any CPU.Build.0 = Release|Any CPU
		{40C9C37F-EB0C-4C87-B686-F72112F7B18B}.Debug|Any CPU.ActiveCfg = Debug|Any CPU
		{40C9C37F-EB0C-4C87-B686-F72112F7B18B}.Debug|Any CPU.Build.0 = Debug|Any CPU
		{40C9C37F-EB0C-4C87-B686-F72112F7B18B}.Release|Any CPU.ActiveCfg = Release|Any CPU
		{40C9C37F-EB0C-4C87-B686-F72112F7B18B}.Release|Any CPU.Build.0 = Release|Any CPU
		{96CC190A-AB33-416B-B4DA-11070D84E9C4}.Debug|Any CPU.ActiveCfg = Debug|Any CPU
		{96CC190A-AB33-416B-B4DA-11070D84E9C4}.Debug|Any CPU.Build.0 = Debug|Any CPU
		{96CC190A-AB33-416B-B4DA-11070D84E9C4}.Release|Any CPU.ActiveCfg = Release|Any CPU
		{96CC190A-AB33-416B-B4DA-11070D84E9C4}.Release|Any CPU.Build.0 = Release|Any CPU
		{6CC353AB-D247-4E67-A545-7A7CC6F501F3}.Debug|Any CPU.ActiveCfg = Debug|Any CPU
		{6CC353AB-D247-4E67-A545-7A7CC6F501F3}.Debug|Any CPU.Build.0 = Debug|Any CPU
		{6CC353AB-D247-4E67-A545-7A7CC6F501F3}.Release|Any CPU.ActiveCfg = Release|Any CPU
		{6CC353AB-D247-4E67-A545-7A7CC6F501F3}.Release|Any CPU.Build.0 = Release|Any CPU
		{42949CB9-083A-4C5B-8494-674D8529361C}.Debug|Any CPU.ActiveCfg = Debug|Any CPU
		{42949CB9-083A-4C5B-8494-674D8529361C}.Debug|Any CPU.Build.0 = Debug|Any CPU
		{42949CB9-083A-4C5B-8494-674D8529361C}.Release|Any CPU.ActiveCfg = Release|Any CPU
		{42949CB9-083A-4C5B-8494-674D8529361C}.Release|Any CPU.Build.0 = Release|Any CPU
		{255231D4-9932-4E4C-853B-D5EF116C5BF0}.Debug|Any CPU.ActiveCfg = Debug|Any CPU
		{255231D4-9932-4E4C-853B-D5EF116C5BF0}.Debug|Any CPU.Build.0 = Debug|Any CPU
		{255231D4-9932-4E4C-853B-D5EF116C5BF0}.Release|Any CPU.ActiveCfg = Release|Any CPU
		{255231D4-9932-4E4C-853B-D5EF116C5BF0}.Release|Any CPU.Build.0 = Release|Any CPU
		{AF187915-EAED-4C35-AE53-88D77D516CD3}.Debug|Any CPU.ActiveCfg = Debug|Any CPU
		{AF187915-EAED-4C35-AE53-88D77D516CD3}.Debug|Any CPU.Build.0 = Debug|Any CPU
		{AF187915-EAED-4C35-AE53-88D77D516CD3}.Release|Any CPU.ActiveCfg = Release|Any CPU
		{AF187915-EAED-4C35-AE53-88D77D516CD3}.Release|Any CPU.Build.0 = Release|Any CPU
		{456BA382-ECD0-4C60-8AFE-6CB478836A6D}.Debug|Any CPU.ActiveCfg = Debug|Any CPU
		{456BA382-ECD0-4C60-8AFE-6CB478836A6D}.Debug|Any CPU.Build.0 = Debug|Any CPU
		{456BA382-ECD0-4C60-8AFE-6CB478836A6D}.Release|Any CPU.ActiveCfg = Release|Any CPU
		{456BA382-ECD0-4C60-8AFE-6CB478836A6D}.Release|Any CPU.Build.0 = Release|Any CPU
		{599EE722-9BF4-40F1-B765-4DFEEDE27C26}.Debug|Any CPU.ActiveCfg = Debug|Any CPU
		{599EE722-9BF4-40F1-B765-4DFEEDE27C26}.Debug|Any CPU.Build.0 = Debug|Any CPU
		{599EE722-9BF4-40F1-B765-4DFEEDE27C26}.Release|Any CPU.ActiveCfg = Release|Any CPU
		{599EE722-9BF4-40F1-B765-4DFEEDE27C26}.Release|Any CPU.Build.0 = Release|Any CPU
		{AAF04DEB-16BC-4854-B26E-06977AF60135}.Debug|Any CPU.ActiveCfg = Debug|Any CPU
		{AAF04DEB-16BC-4854-B26E-06977AF60135}.Debug|Any CPU.Build.0 = Debug|Any CPU
		{AAF04DEB-16BC-4854-B26E-06977AF60135}.Release|Any CPU.ActiveCfg = Release|Any CPU
		{AAF04DEB-16BC-4854-B26E-06977AF60135}.Release|Any CPU.Build.0 = Release|Any CPU
		{7ABF8F7A-0F9C-4033-8431-6C960863A9B3}.Debug|Any CPU.ActiveCfg = Debug|Any CPU
		{7ABF8F7A-0F9C-4033-8431-6C960863A9B3}.Debug|Any CPU.Build.0 = Debug|Any CPU
		{7ABF8F7A-0F9C-4033-8431-6C960863A9B3}.Release|Any CPU.ActiveCfg = Release|Any CPU
		{7ABF8F7A-0F9C-4033-8431-6C960863A9B3}.Release|Any CPU.Build.0 = Release|Any CPU
		{DD3B7104-4055-48DE-87E0-B94C3F4D7316}.Debug|Any CPU.ActiveCfg = Debug|Any CPU
		{DD3B7104-4055-48DE-87E0-B94C3F4D7316}.Debug|Any CPU.Build.0 = Debug|Any CPU
		{DD3B7104-4055-48DE-87E0-B94C3F4D7316}.Release|Any CPU.ActiveCfg = Release|Any CPU
		{DD3B7104-4055-48DE-87E0-B94C3F4D7316}.Release|Any CPU.Build.0 = Release|Any CPU
		{55F80B2D-5514-4CDB-B113-23FBEB16BA1D}.Debug|Any CPU.ActiveCfg = Debug|Any CPU
		{55F80B2D-5514-4CDB-B113-23FBEB16BA1D}.Debug|Any CPU.Build.0 = Debug|Any CPU
		{55F80B2D-5514-4CDB-B113-23FBEB16BA1D}.Release|Any CPU.ActiveCfg = Release|Any CPU
		{55F80B2D-5514-4CDB-B113-23FBEB16BA1D}.Release|Any CPU.Build.0 = Release|Any CPU
		{05EA8EF2-3197-4DEE-9230-B6B5A1A044DC}.Debug|Any CPU.ActiveCfg = Debug|Any CPU
		{05EA8EF2-3197-4DEE-9230-B6B5A1A044DC}.Debug|Any CPU.Build.0 = Debug|Any CPU
		{05EA8EF2-3197-4DEE-9230-B6B5A1A044DC}.Release|Any CPU.ActiveCfg = Release|Any CPU
		{05EA8EF2-3197-4DEE-9230-B6B5A1A044DC}.Release|Any CPU.Build.0 = Release|Any CPU
		{135E16B5-0FCE-4C14-93E2-3BC930DF3F9C}.Debug|Any CPU.ActiveCfg = Debug|Any CPU
		{135E16B5-0FCE-4C14-93E2-3BC930DF3F9C}.Debug|Any CPU.Build.0 = Debug|Any CPU
		{135E16B5-0FCE-4C14-93E2-3BC930DF3F9C}.Release|Any CPU.ActiveCfg = Release|Any CPU
		{135E16B5-0FCE-4C14-93E2-3BC930DF3F9C}.Release|Any CPU.Build.0 = Release|Any CPU
		{4D51A83D-8D3F-4313-8621-86BD3A3A3958}.Debug|Any CPU.ActiveCfg = Debug|Any CPU
		{4D51A83D-8D3F-4313-8621-86BD3A3A3958}.Debug|Any CPU.Build.0 = Debug|Any CPU
		{4D51A83D-8D3F-4313-8621-86BD3A3A3958}.Release|Any CPU.ActiveCfg = Release|Any CPU
		{4D51A83D-8D3F-4313-8621-86BD3A3A3958}.Release|Any CPU.Build.0 = Release|Any CPU
	EndGlobalSection
	GlobalSection(SolutionProperties) = preSolution
		HideSolutionNode = FALSE
	EndGlobalSection
	GlobalSection(ExtensibilityGlobals) = postSolution
		SolutionGuid = {A9C156F8-F293-4F0F-AB4B-05035AFF47B2}
	EndGlobalSection
EndGlobal
